
Microsoft Visual Studio Solution File, Format Version 12.00
# Visual Studio Version 17
VisualStudioVersion = 17.7.34024.191
MinimumVisualStudioVersion = 10.0.40219.1
Project("{FAE04EC0-301F-11D3-BF4B-00C04F79EFBC}") = "ques 10 ii", "ques 10 ii\ques 10 ii.csproj", "{412AA932-1A90-45C6-8187-676513678909}"
EndProject
Global
	GlobalSection(SolutionConfigurationPlatforms) = preSolution
		Debug|Any CPU = Debug|Any CPU
		Release|Any CPU = Release|Any CPU
	EndGlobalSection
	GlobalSection(ProjectConfigurationPlatforms) = postSolution
		{412AA932-1A90-45C6-8187-676513678909}.Debug|Any CPU.ActiveCfg = Debug|Any CPU
		{412AA932-1A90-45C6-8187-676513678909}.Debug|Any CPU.Build.0 = Debug|Any CPU
		{412AA932-1A90-45C6-8187-676513678909}.Release|Any CPU.ActiveCfg = Release|Any CPU
		{412AA932-1A90-45C6-8187-676513678909}.Release|Any CPU.Build.0 = Release|Any CPU
	EndGlobalSection
	GlobalSection(SolutionProperties) = preSolution
		HideSolutionNode = FALSE
	EndGlobalSection
	GlobalSection(ExtensibilityGlobals) = postSolution
		SolutionGuid = {4C37AAC2-45E7-4A72-A63C-32C1139B17F4}
	EndGlobalSection
EndGlobal
